
Microsoft Visual Studio Solution File, Format Version 12.00
# Visual Studio Version 16
VisualStudioVersion = 16.0.30204.135
MinimumVisualStudioVersion = 10.0.40219.1
Project("{FAE04EC0-301F-11D3-BF4B-00C04F79EFBC}") = "interview-questions", "interview-questions.csproj", "{E328E42F-2B63-4AE9-86EE-D3F0B9AE2260}"
EndProject
Global
	GlobalSection(SolutionConfigurationPlatforms) = preSolution
		Debug|Any CPU = Debug|Any CPU
		Release|Any CPU = Release|Any CPU
	EndGlobalSection
	GlobalSection(ProjectConfigurationPlatforms) = postSolution
		{E328E42F-2B63-4AE9-86EE-D3F0B9AE2260}.Debug|Any CPU.ActiveCfg = Debug|Any CPU
		{E328E42F-2B63-4AE9-86EE-D3F0B9AE2260}.Debug|Any CPU.Build.0 = Debug|Any CPU
		{E328E42F-2B63-4AE9-86EE-D3F0B9AE2260}.Release|Any CPU.ActiveCfg = Release|Any CPU
		{E328E42F-2B63-4AE9-86EE-D3F0B9AE2260}.Release|Any CPU.Build.0 = Release|Any CPU
	EndGlobalSection
	GlobalSection(SolutionProperties) = preSolution
		HideSolutionNode = FALSE
	EndGlobalSection
	GlobalSection(ExtensibilityGlobals) = postSolution
		SolutionGuid = {AD316925-61C1-4563-A2E6-A6C5DE589915}
	EndGlobalSection
EndGlobal
